Microsoft Visual Studio Solution File, Format Version 11.00
# Visual Studio 2008

Project("{442582DC-6A4A-515C-BB7D-5275D581E8CF}") = "Replay Game", "Assembly-CSharp-firstpass.csproj", "{4F977C5E-3DD6-F490-9111-A5BE5D61860C}"
EndProject
Project("{442582DC-6A4A-515C-BB7D-5275D581E8CF}") = "Replay Game", "Assembly-CSharp-Editor-firstpass.csproj", "{F9C69F33-9071-0613-35D3-C2B6F695D2EC}"
EndProject
Global
	GlobalSection(SolutionConfigurationPlatforms) = preSolution
		Debug|Any CPU = Debug|Any CPU
		Release|Any CPU = Release|Any CPU
	EndGlobalSection
	GlobalSection(ProjectConfigurationPlatforms) = postSolution
		{4F977C5E-3DD6-F490-9111-A5BE5D61860C}.Debug|Any CPU.ActiveCfg = Debug|Any CPU
		{4F977C5E-3DD6-F490-9111-A5BE5D61860C}.Debug|Any CPU.Build.0 = Debug|Any CPU
		{4F977C5E-3DD6-F490-9111-A5BE5D61860C}.Release|Any CPU.ActiveCfg = Release|Any CPU
		{4F977C5E-3DD6-F490-9111-A5BE5D61860C}.Release|Any CPU.Build.0 = Release|Any CPU
		{F9C69F33-9071-0613-35D3-C2B6F695D2EC}.Debug|Any CPU.ActiveCfg = Debug|Any CPU
		{F9C69F33-9071-0613-35D3-C2B6F695D2EC}.Debug|Any CPU.Build.0 = Debug|Any CPU
		{F9C69F33-9071-0613-35D3-C2B6F695D2EC}.Release|Any CPU.ActiveCfg = Release|Any CPU
		{F9C69F33-9071-0613-35D3-C2B6F695D2EC}.Release|Any CPU.Build.0 = Release|Any CPU
	EndGlobalSection
	GlobalSection(SolutionProperties) = preSolution
		HideSolutionNode = FALSE
	EndGlobalSection
	GlobalSection(MonoDevelopProperties) = preSolution
		StartupItem = Assembly-CSharp.csproj
	EndGlobalSection
EndGlobal
